
Microsoft Visual Studio Solution File, Format Version 12.00
# Visual Studio Version 16
VisualStudioVersion = 16.0.31321.278
MinimumVisualStudioVersion = 10.0.40219.1
Project("{FAE04EC0-301F-11D3-BF4B-00C04F79EFBC}") = "SunDiagonostics", "SunDiagonostics\SunDiagonostics.csproj", "{B90EFBD5-06E4-4378-8EAA-DF434D7DE82B}"
EndProject
Global
	GlobalSection(SolutionConfigurationPlatforms) = preSolution
		Debug|Any CPU = Debug|Any CPU
		Release|Any CPU = Release|Any CPU
	EndGlobalSection
	GlobalSection(ProjectConfigurationPlatforms) = postSolution
		{B90EFBD5-06E4-4378-8EAA-DF434D7DE82B}.Debug|Any CPU.ActiveCfg = Debug|Any CPU
		{B90EFBD5-06E4-4378-8EAA-DF434D7DE82B}.Debug|Any CPU.Build.0 = Debug|Any CPU
		{B90EFBD5-06E4-4378-8EAA-DF434D7DE82B}.Release|Any CPU.ActiveCfg = Release|Any CPU
		{B90EFBD5-06E4-4378-8EAA-DF434D7DE82B}.Release|Any CPU.Build.0 = Release|Any CPU
	EndGlobalSection
	GlobalSection(SolutionProperties) = preSolution
		HideSolutionNode = FALSE
	EndGlobalSection
	GlobalSection(ExtensibilityGlobals) = postSolution
		SolutionGuid = {CDEED8A5-2963-4867-946C-6040091B3A5B}
	EndGlobalSection
EndGlobal
